
Microsoft Visual Studio Solution File, Format Version 12.00
# Visual Studio Version 17
VisualStudioVersion = 17.12.35707.178
MinimumVisualStudioVersion = 10.0.40219.1
Project("{FAE04EC0-301F-11D3-BF4B-00C04F79EFBC}") = "1pk1_Martynenko", "1pk1_Martynenko\1pk1_Martynenko.csproj", "{965AB8B2-3AC9-436F-810E-6F5DC3056C2D}"
EndProject
Project("{2150E333-8FDC-42A3-9474-1A3956D46DE8}") = "Lesson_2", "Lesson_2", "{A981F9E8-D779-4345-BCD3-E91C763D08E7}"
EndProject
Project("{FAE04EC0-301F-11D3-BF4B-00C04F79EFBC}") = "Task_02_02", "Task_02_02\Task_02_02.csproj", "{59C58A0A-F11D-4E50-9FF9-1BBAA3DF5E0B}"
EndProject
Project("{FAE04EC0-301F-11D3-BF4B-00C04F79EFBC}") = "Task_02_04", "Task_02_04\Task_02_04.csproj", "{462052F6-7C31-4C8F-9F4B-7B35D8A2D268}"
EndProject
Project("{2150E333-8FDC-42A3-9474-1A3956D46DE8}") = "Lesson_03", "Lesson_03", "{6CED700D-F9BE-46C0-A240-AED78019C3F7}"
EndProject
Project("{FAE04EC0-301F-11D3-BF4B-00C04F79EFBC}") = "Task_03_04", "Task_03_04\Task_03_04.csproj", "{AA3FA717-90AC-4AAF-864B-8BD13CAB0992}"
EndProject
Project("{FAE04EC0-301F-11D3-BF4B-00C04F79EFBC}") = "Task_03_08", "Task_03_08\Task_03_08.csproj", "{21BB1F9E-7465-4ADC-9FBF-2BB03EBF499B}"
EndProject
Project("{FAE04EC0-301F-11D3-BF4B-00C04F79EFBC}") = "Task_03_05", "Task_03_05\Task_03_05.csproj", "{5F094074-624F-45B8-AFF0-58A9F8DCD2B3}"
EndProject
Project("{FAE04EC0-301F-11D3-BF4B-00C04F79EFBC}") = "Task_03_06", "Task_03_06\Task_03_06.csproj", "{E052CA02-8E34-4C0B-8418-108A9BED909F}"
EndProject
Project("{FAE04EC0-301F-11D3-BF4B-00C04F79EFBC}") = "Task_03_07", "Task_03_07\Task_03_07.csproj", "{4CB6FC93-1C4B-46A2-A59A-7DC7DD29A9E5}"
EndProject
Project("{FAE04EC0-301F-11D3-BF4B-00C04F79EFBC}") = "Task_03_09", "Task_03_09\Task_03_09.csproj", "{6383F8D8-7E7B-4C1B-B52A-4F2FC22C0F08}"
EndProject
Project("{2150E333-8FDC-42A3-9474-1A3956D46DE8}") = "Lesson_04", "Lesson_04", "{A4881D77-8266-4DF7-B567-99C94F4CFC3A}"
EndProject
Project("{FAE04EC0-301F-11D3-BF4B-00C04F79EFBC}") = "Task_04_05", "Task_04_05\Task_04_05.csproj", "{B1D4B56F-C462-409B-BD7C-EF2B041F4DAE}"
EndProject
Project("{FAE04EC0-301F-11D3-BF4B-00C04F79EFBC}") = "Task_04_06", "Task_04_06\Task_04_06.csproj", "{07421A50-BE99-47B2-8E3D-4803E5B279D1}"
EndProject
Project("{FAE04EC0-301F-11D3-BF4B-00C04F79EFBC}") = "Task_04_07", "Task_04_07\Task_04_07.csproj", "{B0648B1F-8288-4588-AC17-A760B6A86CE6}"
EndProject
Project("{FAE04EC0-301F-11D3-BF4B-00C04F79EFBC}") = "Task_04_08", "Task_04_08\Task_04_08.csproj", "{D6DA8B3A-0DF6-4F3C-8542-85222694CFC4}"
EndProject
Project("{FAE04EC0-301F-11D3-BF4B-00C04F79EFBC}") = "Task_04_09", "Task_04_09\Task_04_09.csproj", "{26F26B91-7048-4370-B175-5D78B5759626}"
EndProject
Global
	GlobalSection(SolutionConfigurationPlatforms) = preSolution
		Debug|Any CPU = Debug|Any CPU
		Release|Any CPU = Release|Any CPU
	EndGlobalSection
	GlobalSection(ProjectConfigurationPlatforms) = postSolution
		{965AB8B2-3AC9-436F-810E-6F5DC3056C2D}.Debug|Any CPU.ActiveCfg = Debug|Any CPU
		{965AB8B2-3AC9-436F-810E-6F5DC3056C2D}.Debug|Any CPU.Build.0 = Debug|Any CPU
		{965AB8B2-3AC9-436F-810E-6F5DC3056C2D}.Release|Any CPU.ActiveCfg = Release|Any CPU
		{965AB8B2-3AC9-436F-810E-6F5DC3056C2D}.Release|Any CPU.Build.0 = Release|Any CPU
		{59C58A0A-F11D-4E50-9FF9-1BBAA3DF5E0B}.Debug|Any CPU.ActiveCfg = Debug|Any CPU
		{59C58A0A-F11D-4E50-9FF9-1BBAA3DF5E0B}.Debug|Any CPU.Build.0 = Debug|Any CPU
		{59C58A0A-F11D-4E50-9FF9-1BBAA3DF5E0B}.Release|Any CPU.ActiveCfg = Release|Any CPU
		{59C58A0A-F11D-4E50-9FF9-1BBAA3DF5E0B}.Release|Any CPU.Build.0 = Release|Any CPU
		{462052F6-7C31-4C8F-9F4B-7B35D8A2D268}.Debug|Any CPU.ActiveCfg = Debug|Any CPU
		{462052F6-7C31-4C8F-9F4B-7B35D8A2D268}.Debug|Any CPU.Build.0 = Debug|Any CPU
		{462052F6-7C31-4C8F-9F4B-7B35D8A2D268}.Release|Any CPU.ActiveCfg = Release|Any CPU
		{462052F6-7C31-4C8F-9F4B-7B35D8A2D268}.Release|Any CPU.Build.0 = Release|Any CPU
		{AA3FA717-90AC-4AAF-864B-8BD13CAB0992}.Debug|Any CPU.ActiveCfg = Debug|Any CPU
		{AA3FA717-90AC-4AAF-864B-8BD13CAB0992}.Debug|Any CPU.Build.0 = Debug|Any CPU
		{AA3FA717-90AC-4AAF-864B-8BD13CAB0992}.Release|Any CPU.ActiveCfg = Release|Any CPU
		{AA3FA717-90AC-4AAF-864B-8BD13CAB0992}.Release|Any CPU.Build.0 = Release|Any CPU
		{21BB1F9E-7465-4ADC-9FBF-2BB03EBF499B}.Debug|Any CPU.ActiveCfg = Debug|Any CPU
		{21BB1F9E-7465-4ADC-9FBF-2BB03EBF499B}.Debug|Any CPU.Build.0 = Debug|Any CPU
		{21BB1F9E-7465-4ADC-9FBF-2BB03EBF499B}.Release|Any CPU.ActiveCfg = Release|Any CPU
		{21BB1F9E-7465-4ADC-9FBF-2BB03EBF499B}.Release|Any CPU.Build.0 = Release|Any CPU
		{5F094074-624F-45B8-AFF0-58A9F8DCD2B3}.Debug|Any CPU.ActiveCfg = Debug|Any CPU
		{5F094074-624F-45B8-AFF0-58A9F8DCD2B3}.Debug|Any CPU.Build.0 = Debug|Any CPU
		{5F094074-624F-45B8-AFF0-58A9F8DCD2B3}.Release|Any CPU.ActiveCfg = Release|Any CPU
		{5F094074-624F-45B8-AFF0-58A9F8DCD2B3}.Release|Any CPU.Build.0 = Release|Any CPU
		{E052CA02-8E34-4C0B-8418-108A9BED909F}.Debug|Any CPU.ActiveCfg = Debug|Any CPU
		{E052CA02-8E34-4C0B-8418-108A9BED909F}.Debug|Any CPU.Build.0 = Debug|Any CPU
		{E052CA02-8E34-4C0B-8418-108A9BED909F}.Release|Any CPU.ActiveCfg = Release|Any CPU
		{E052CA02-8E34-4C0B-8418-108A9BED909F}.Release|Any CPU.Build.0 = Release|Any CPU
		{4CB6FC93-1C4B-46A2-A59A-7DC7DD29A9E5}.Debug|Any CPU.ActiveCfg = Debug|Any CPU
		{4CB6FC93-1C4B-46A2-A59A-7DC7DD29A9E5}.Debug|Any CPU.Build.0 = Debug|Any CPU
		{4CB6FC93-1C4B-46A2-A59A-7DC7DD29A9E5}.Release|Any CPU.ActiveCfg = Release|Any CPU
		{4CB6FC93-1C4B-46A2-A59A-7DC7DD29A9E5}.Release|Any CPU.Build.0 = Release|Any CPU
		{6383F8D8-7E7B-4C1B-B52A-4F2FC22C0F08}.Debug|Any CPU.ActiveCfg = Debug|Any CPU
		{6383F8D8-7E7B-4C1B-B52A-4F2FC22C0F08}.Debug|Any CPU.Build.0 = Debug|Any CPU
		{6383F8D8-7E7B-4C1B-B52A-4F2FC22C0F08}.Release|Any CPU.ActiveCfg = Release|Any CPU
		{6383F8D8-7E7B-4C1B-B52A-4F2FC22C0F08}.Release|Any CPU.Build.0 = Release|Any CPU
		{B1D4B56F-C462-409B-BD7C-EF2B041F4DAE}.Debug|Any CPU.ActiveCfg = Debug|Any CPU
		{B1D4B56F-C462-409B-BD7C-EF2B041F4DAE}.Debug|Any CPU.Build.0 = Debug|Any CPU
		{B1D4B56F-C462-409B-BD7C-EF2B041F4DAE}.Release|Any CPU.ActiveCfg = Release|Any CPU
		{B1D4B56F-C462-409B-BD7C-EF2B041F4DAE}.Release|Any CPU.Build.0 = Release|Any CPU
		{07421A50-BE99-47B2-8E3D-4803E5B279D1}.Debug|Any CPU.ActiveCfg = Debug|Any CPU
		{07421A50-BE99-47B2-8E3D-4803E5B279D1}.Debug|Any CPU.Build.0 = Debug|Any CPU
		{07421A50-BE99-47B2-8E3D-4803E5B279D1}.Release|Any CPU.ActiveCfg = Release|Any CPU
		{07421A50-BE99-47B2-8E3D-4803E5B279D1}.Release|Any CPU.Build.0 = Release|Any CPU
		{B0648B1F-8288-4588-AC17-A760B6A86CE6}.Debug|Any CPU.ActiveCfg = Debug|Any CPU
		{B0648B1F-8288-4588-AC17-A760B6A86CE6}.Debug|Any CPU.Build.0 = Debug|Any CPU
		{B0648B1F-8288-4588-AC17-A760B6A86CE6}.Release|Any CPU.ActiveCfg = Release|Any CPU
		{B0648B1F-8288-4588-AC17-A760B6A86CE6}.Release|Any CPU.Build.0 = Release|Any CPU
		{D6DA8B3A-0DF6-4F3C-8542-85222694CFC4}.Debug|Any CPU.ActiveCfg = Debug|Any CPU
		{D6DA8B3A-0DF6-4F3C-8542-85222694CFC4}.Debug|Any CPU.Build.0 = Debug|Any CPU
		{D6DA8B3A-0DF6-4F3C-8542-85222694CFC4}.Release|Any CPU.ActiveCfg = Release|Any CPU
		{D6DA8B3A-0DF6-4F3C-8542-85222694CFC4}.Release|Any CPU.Build.0 = Release|Any CPU
		{26F26B91-7048-4370-B175-5D78B5759626}.Debug|Any CPU.ActiveCfg = Debug|Any CPU
		{26F26B91-7048-4370-B175-5D78B5759626}.Debug|Any CPU.Build.0 = Debug|Any CPU
		{26F26B91-7048-4370-B175-5D78B5759626}.Release|Any CPU.ActiveCfg = Release|Any CPU
		{26F26B91-7048-4370-B175-5D78B5759626}.Release|Any CPU.Build.0 = Release|Any CPU
	EndGlobalSection
	GlobalSection(SolutionProperties) = preSolution
		HideSolutionNode = FALSE
	EndGlobalSection
	GlobalSection(NestedProjects) = preSolution
		{A981F9E8-D779-4345-BCD3-E91C763D08E7} = {6CED700D-F9BE-46C0-A240-AED78019C3F7}
		{59C58A0A-F11D-4E50-9FF9-1BBAA3DF5E0B} = {A981F9E8-D779-4345-BCD3-E91C763D08E7}
		{462052F6-7C31-4C8F-9F4B-7B35D8A2D268} = {A981F9E8-D779-4345-BCD3-E91C763D08E7}
		{AA3FA717-90AC-4AAF-864B-8BD13CAB0992} = {6CED700D-F9BE-46C0-A240-AED78019C3F7}
		{21BB1F9E-7465-4ADC-9FBF-2BB03EBF499B} = {6CED700D-F9BE-46C0-A240-AED78019C3F7}
		{5F094074-624F-45B8-AFF0-58A9F8DCD2B3} = {6CED700D-F9BE-46C0-A240-AED78019C3F7}
		{E052CA02-8E34-4C0B-8418-108A9BED909F} = {6CED700D-F9BE-46C0-A240-AED78019C3F7}
		{4CB6FC93-1C4B-46A2-A59A-7DC7DD29A9E5} = {6CED700D-F9BE-46C0-A240-AED78019C3F7}
		{6383F8D8-7E7B-4C1B-B52A-4F2FC22C0F08} = {6CED700D-F9BE-46C0-A240-AED78019C3F7}
		{B1D4B56F-C462-409B-BD7C-EF2B041F4DAE} = {A4881D77-8266-4DF7-B567-99C94F4CFC3A}
		{07421A50-BE99-47B2-8E3D-4803E5B279D1} = {A4881D77-8266-4DF7-B567-99C94F4CFC3A}
		{B0648B1F-8288-4588-AC17-A760B6A86CE6} = {A4881D77-8266-4DF7-B567-99C94F4CFC3A}
		{D6DA8B3A-0DF6-4F3C-8542-85222694CFC4} = {A4881D77-8266-4DF7-B567-99C94F4CFC3A}
		{26F26B91-7048-4370-B175-5D78B5759626} = {A4881D77-8266-4DF7-B567-99C94F4CFC3A}
	EndGlobalSection
EndGlobal
