
Microsoft Visual Studio Solution File, Format Version 12.00
# Visual Studio Version 17
VisualStudioVersion = 17.12.35707.178
MinimumVisualStudioVersion = 10.0.40219.1
Project("{FAE04EC0-301F-11D3-BF4B-00C04F79EFBC}") = "1pk1_Martynenko", "1pk1_Martynenko\1pk1_Martynenko.csproj", "{965AB8B2-3AC9-436F-810E-6F5DC3056C2D}"
EndProject
Project("{2150E333-8FDC-42A3-9474-1A3956D46DE8}") = "Lesson_2", "Lesson_2", "{A981F9E8-D779-4345-BCD3-E91C763D08E7}"
EndProject
Project("{FAE04EC0-301F-11D3-BF4B-00C04F79EFBC}") = "Task_02_02", "Task_02_02\Task_02_02.csproj", "{59C58A0A-F11D-4E50-9FF9-1BBAA3DF5E0B}"
EndProject
Project("{FAE04EC0-301F-11D3-BF4B-00C04F79EFBC}") = "Task_02_04", "Task_02_04\Task_02_04.csproj", "{462052F6-7C31-4C8F-9F4B-7B35D8A2D268}"
EndProject
Project("{2150E333-8FDC-42A3-9474-1A3956D46DE8}") = "Lesson_03", "Lesson_03", "{6CED700D-F9BE-46C0-A240-AED78019C3F7}"
EndProject
Project("{FAE04EC0-301F-11D3-BF4B-00C04F79EFBC}") = "Task_03_04", "Task_03_04\Task_03_04.csproj", "{AA3FA717-90AC-4AAF-864B-8BD13CAB0992}"
EndProject
Project("{FAE04EC0-301F-11D3-BF4B-00C04F79EFBC}") = "Task_03_08", "Task_03_08\Task_03_08.csproj", "{21BB1F9E-7465-4ADC-9FBF-2BB03EBF499B}"
EndProject
Global
	GlobalSection(SolutionConfigurationPlatforms) = preSolution
		Debug|Any CPU = Debug|Any CPU
		Release|Any CPU = Release|Any CPU
	EndGlobalSection
	GlobalSection(ProjectConfigurationPlatforms) = postSolution
		{965AB8B2-3AC9-436F-810E-6F5DC3056C2D}.Debug|Any CPU.ActiveCfg = Debug|Any CPU
		{965AB8B2-3AC9-436F-810E-6F5DC3056C2D}.Debug|Any CPU.Build.0 = Debug|Any CPU
		{965AB8B2-3AC9-436F-810E-6F5DC3056C2D}.Release|Any CPU.ActiveCfg = Release|Any CPU
		{965AB8B2-3AC9-436F-810E-6F5DC3056C2D}.Release|Any CPU.Build.0 = Release|Any CPU
		{59C58A0A-F11D-4E50-9FF9-1BBAA3DF5E0B}.Debug|Any CPU.ActiveCfg = Debug|Any CPU
		{59C58A0A-F11D-4E50-9FF9-1BBAA3DF5E0B}.Debug|Any CPU.Build.0 = Debug|Any CPU
		{59C58A0A-F11D-4E50-9FF9-1BBAA3DF5E0B}.Release|Any CPU.ActiveCfg = Release|Any CPU
		{59C58A0A-F11D-4E50-9FF9-1BBAA3DF5E0B}.Release|Any CPU.Build.0 = Release|Any CPU
		{462052F6-7C31-4C8F-9F4B-7B35D8A2D268}.Debug|Any CPU.ActiveCfg = Debug|Any CPU
		{462052F6-7C31-4C8F-9F4B-7B35D8A2D268}.Debug|Any CPU.Build.0 = Debug|Any CPU
		{462052F6-7C31-4C8F-9F4B-7B35D8A2D268}.Release|Any CPU.ActiveCfg = Release|Any CPU
		{462052F6-7C31-4C8F-9F4B-7B35D8A2D268}.Release|Any CPU.Build.0 = Release|Any CPU
		{AA3FA717-90AC-4AAF-864B-8BD13CAB0992}.Debug|Any CPU.ActiveCfg = Debug|Any CPU
		{AA3FA717-90AC-4AAF-864B-8BD13CAB0992}.Debug|Any CPU.Build.0 = Debug|Any CPU
		{AA3FA717-90AC-4AAF-864B-8BD13CAB0992}.Release|Any CPU.ActiveCfg = Release|Any CPU
		{AA3FA717-90AC-4AAF-864B-8BD13CAB0992}.Release|Any CPU.Build.0 = Release|Any CPU
		{21BB1F9E-7465-4ADC-9FBF-2BB03EBF499B}.Debug|Any CPU.ActiveCfg = Debug|Any CPU
		{21BB1F9E-7465-4ADC-9FBF-2BB03EBF499B}.Debug|Any CPU.Build.0 = Debug|Any CPU
		{21BB1F9E-7465-4ADC-9FBF-2BB03EBF499B}.Release|Any CPU.ActiveCfg = Release|Any CPU
		{21BB1F9E-7465-4ADC-9FBF-2BB03EBF499B}.Release|Any CPU.Build.0 = Release|Any CPU
	EndGlobalSection
	GlobalSection(SolutionProperties) = preSolution
		HideSolutionNode = FALSE
	EndGlobalSection
	GlobalSection(NestedProjects) = preSolution
		{A981F9E8-D779-4345-BCD3-E91C763D08E7} = {6CED700D-F9BE-46C0-A240-AED78019C3F7}
		{59C58A0A-F11D-4E50-9FF9-1BBAA3DF5E0B} = {A981F9E8-D779-4345-BCD3-E91C763D08E7}
		{462052F6-7C31-4C8F-9F4B-7B35D8A2D268} = {A981F9E8-D779-4345-BCD3-E91C763D08E7}
		{AA3FA717-90AC-4AAF-864B-8BD13CAB0992} = {6CED700D-F9BE-46C0-A240-AED78019C3F7}
		{21BB1F9E-7465-4ADC-9FBF-2BB03EBF499B} = {6CED700D-F9BE-46C0-A240-AED78019C3F7}
	EndGlobalSection
EndGlobal
