
Microsoft Visual Studio Solution File, Format Version 12.00
# Visual Studio Version 17
VisualStudioVersion = 17.12.35707.178
MinimumVisualStudioVersion = 10.0.40219.1
Project("{FAE04EC0-301F-11D3-BF4B-00C04F79EFBC}") = "1pk1_Martynenko", "1pk1_Martynenko\1pk1_Martynenko.csproj", "{965AB8B2-3AC9-436F-810E-6F5DC3056C2D}"
EndProject
Project("{2150E333-8FDC-42A3-9474-1A3956D46DE8}") = "Lesson_2", "Lesson_2", "{A981F9E8-D779-4345-BCD3-E91C763D08E7}"
EndProject
Project("{FAE04EC0-301F-11D3-BF4B-00C04F79EFBC}") = "Task_02_02", "Task_02_02\Task_02_02.csproj", "{59C58A0A-F11D-4E50-9FF9-1BBAA3DF5E0B}"
EndProject
Project("{FAE04EC0-301F-11D3-BF4B-00C04F79EFBC}") = "Task_02_04", "Task_02_04\Task_02_04.csproj", "{462052F6-7C31-4C8F-9F4B-7B35D8A2D268}"
EndProject
Project("{2150E333-8FDC-42A3-9474-1A3956D46DE8}") = "Lesson_03", "Lesson_03", "{6CED700D-F9BE-46C0-A240-AED78019C3F7}"
EndProject
Project("{FAE04EC0-301F-11D3-BF4B-00C04F79EFBC}") = "Task_03_04", "Task_03_04\Task_03_04.csproj", "{AA3FA717-90AC-4AAF-864B-8BD13CAB0992}"
EndProject
Project("{FAE04EC0-301F-11D3-BF4B-00C04F79EFBC}") = "Task_03_08", "Task_03_08\Task_03_08.csproj", "{21BB1F9E-7465-4ADC-9FBF-2BB03EBF499B}"
EndProject
Project("{FAE04EC0-301F-11D3-BF4B-00C04F79EFBC}") = "Task_03_05", "Task_03_05\Task_03_05.csproj", "{5F094074-624F-45B8-AFF0-58A9F8DCD2B3}"
EndProject
Project("{FAE04EC0-301F-11D3-BF4B-00C04F79EFBC}") = "Task_03_06", "Task_03_06\Task_03_06.csproj", "{E052CA02-8E34-4C0B-8418-108A9BED909F}"
EndProject
Project("{FAE04EC0-301F-11D3-BF4B-00C04F79EFBC}") = "Task_03_07", "Task_03_07\Task_03_07.csproj", "{4CB6FC93-1C4B-46A2-A59A-7DC7DD29A9E5}"
EndProject
Project("{FAE04EC0-301F-11D3-BF4B-00C04F79EFBC}") = "Task_03_09", "Task_03_09\Task_03_09.csproj", "{6383F8D8-7E7B-4C1B-B52A-4F2FC22C0F08}"
EndProject
Project("{2150E333-8FDC-42A3-9474-1A3956D46DE8}") = "Lesson_04", "Lesson_04", "{A4881D77-8266-4DF7-B567-99C94F4CFC3A}"
EndProject
Project("{FAE04EC0-301F-11D3-BF4B-00C04F79EFBC}") = "Task_04_05", "Task_04_05\Task_04_05.csproj", "{B1D4B56F-C462-409B-BD7C-EF2B041F4DAE}"
EndProject
Project("{FAE04EC0-301F-11D3-BF4B-00C04F79EFBC}") = "Task_04_06", "Task_04_06\Task_04_06.csproj", "{07421A50-BE99-47B2-8E3D-4803E5B279D1}"
EndProject
Project("{FAE04EC0-301F-11D3-BF4B-00C04F79EFBC}") = "Task_04_07", "Task_04_07\Task_04_07.csproj", "{B0648B1F-8288-4588-AC17-A760B6A86CE6}"
EndProject
Project("{FAE04EC0-301F-11D3-BF4B-00C04F79EFBC}") = "Task_04_08", "Task_04_08\Task_04_08.csproj", "{D6DA8B3A-0DF6-4F3C-8542-85222694CFC4}"
EndProject
Project("{FAE04EC0-301F-11D3-BF4B-00C04F79EFBC}") = "Task_04_09", "Task_04_09\Task_04_09.csproj", "{26F26B91-7048-4370-B175-5D78B5759626}"
EndProject
Project("{FAE04EC0-301F-11D3-BF4B-00C04F79EFBC}") = "Task_04_10", "Task_04_10\Task_04_10.csproj", "{9E8570BF-0187-41DA-855D-7CEBEE26321D}"
EndProject
Project("{2150E333-8FDC-42A3-9474-1A3956D46DE8}") = "Lesson_05", "Lesson_05", "{5F05BAF9-C26E-47AE-8A4E-957DC73697C1}"
EndProject
Project("{FAE04EC0-301F-11D3-BF4B-00C04F79EFBC}") = "Task_05_03", "Task_05_03\Task_05_03.csproj", "{8838229D-76B7-40D2-863F-712D2613769A}"
EndProject
Project("{FAE04EC0-301F-11D3-BF4B-00C04F79EFBC}") = "Task_05_04", "Task_05_04\Task_05_04.csproj", "{F82B7208-4073-4E8A-AAE6-D83432A505A3}"
EndProject
Project("{FAE04EC0-301F-11D3-BF4B-00C04F79EFBC}") = "Task_05_05", "Task_05_05\Task_05_05.csproj", "{F3E5BBA6-C385-4C36-81DC-93833294F90B}"
EndProject
Project("{FAE04EC0-301F-11D3-BF4B-00C04F79EFBC}") = "Task_05_06", "Task_05_06\Task_05_06.csproj", "{E95EEE48-EB72-4B95-8116-802595662C0A}"
EndProject
Project("{FAE04EC0-301F-11D3-BF4B-00C04F79EFBC}") = "Task_05_07", "Task_05_07\Task_05_07.csproj", "{74C2FF8B-1DF5-4555-9344-5BF6F7F34031}"
EndProject
Project("{FAE04EC0-301F-11D3-BF4B-00C04F79EFBC}") = "Task_05_08", "Task_05_08\Task_05_08.csproj", "{4785CCF7-7944-440F-AF4C-6CFBE516F4CE}"
EndProject
Project("{FAE04EC0-301F-11D3-BF4B-00C04F79EFBC}") = "Task_05_09", "Task_05_09\Task_05_09.csproj", "{E7A6B12F-A21D-4356-A371-9EB1DF9B413D}"
EndProject
Project("{2150E333-8FDC-42A3-9474-1A3956D46DE8}") = "Lesson_10", "Lesson_10", "{D4B05074-1A8C-4485-87CC-BF13DA4F1306}"
EndProject
Project("{FAE04EC0-301F-11D3-BF4B-00C04F79EFBC}") = "Task_10_06", "Task_10_06\Task_10_06.csproj", "{F75F32AD-493E-424A-90CF-8C49ABDEC70F}"
EndProject
Project("{FAE04EC0-301F-11D3-BF4B-00C04F79EFBC}") = "Task_10_7", "Task_10_7\Task_10_7.csproj", "{6AD6E5E9-BA7D-4617-8617-5E19D4AA8BE8}"
EndProject
Project("{FAE04EC0-301F-11D3-BF4B-00C04F79EFBC}") = "Task_10_08", "Task_10_08\Task_10_08.csproj", "{DAB417D4-1B41-4FAB-88DB-A9227A84DF7B}"
EndProject
Project("{2150E333-8FDC-42A3-9474-1A3956D46DE8}") = "Lesson_11", "Lesson_11", "{8C713DFB-493A-4BCC-87A4-C0BAAD9D5C0F}"
EndProject
Project("{FAE04EC0-301F-11D3-BF4B-00C04F79EFBC}") = "Task_11_01", "Task_11_01\Task_11_01.csproj", "{F5225B77-3076-4D49-9211-253794091A37}"
EndProject
Project("{FAE04EC0-301F-11D3-BF4B-00C04F79EFBC}") = "ConsoleApp1", "ConsoleApp1\ConsoleApp1.csproj", "{404EED0E-7AF2-4405-9BC7-41BBEA241D17}"
EndProject
Project("{FAE04EC0-301F-11D3-BF4B-00C04F79EFBC}") = "Task_11_02", "Task_11_02\Task_11_02.csproj", "{9D58792B-839C-413B-A0AD-72ABBAC4C7AB}"
EndProject
Project("{FAE04EC0-301F-11D3-BF4B-00C04F79EFBC}") = "Task_11_03", "Task_11_03\Task_11_03.csproj", "{454E2627-62B9-4DEC-890F-E6B0577153B3}"
EndProject
Project("{FAE04EC0-301F-11D3-BF4B-00C04F79EFBC}") = "Task_11_04", "Task_11_04\Task_11_04.csproj", "{A457F99F-296E-4A9D-AB53-683D82021ACA}"
EndProject
Project("{FAE04EC0-301F-11D3-BF4B-00C04F79EFBC}") = "Task_11_05", "Task_11_05\Task_11_05.csproj", "{5D64AB72-5F48-44AC-8810-9977D41673F0}"
EndProject
Project("{FAE04EC0-301F-11D3-BF4B-00C04F79EFBC}") = "Task_11_06", "Task_11_06\Task_11_06.csproj", "{A455D677-5C1D-4028-8C03-DA425567002C}"
EndProject
Project("{FAE04EC0-301F-11D3-BF4B-00C04F79EFBC}") = "Task_11_07", "Task_11_07\Task_11_07.csproj", "{4BB2347C-EB5C-4A0B-A665-2716F7C64357}"
EndProject
Project("{FAE04EC0-301F-11D3-BF4B-00C04F79EFBC}") = "Task_11_08", "Task_11_08\Task_11_08.csproj", "{F6C96FC3-0CCA-443E-BF0A-D7FAD7A69432}"
EndProject
Project("{2150E333-8FDC-42A3-9474-1A3956D46DE8}") = "Lesson_12", "Lesson_12", "{295D5F1E-D7D5-4C17-82AB-804AE2098BA8}"
EndProject
Project("{2150E333-8FDC-42A3-9474-1A3956D46DE8}") = "Lesson_13", "Lesson_13", "{BC8B09AC-54EC-4BAB-B56A-97C4B142F278}"
EndProject
Project("{FAE04EC0-301F-11D3-BF4B-00C04F79EFBC}") = "Task_13_02", "Task_13_02\Task_13_02.csproj", "{BB325397-604B-4098-A4C8-0006026B6D83}"
EndProject
Project("{FAE04EC0-301F-11D3-BF4B-00C04F79EFBC}") = "Task_13_3", "Task_13_2\Task_13_3.csproj", "{76224837-D528-443E-962F-0EC020EF39A3}"
EndProject
Project("{2150E333-8FDC-42A3-9474-1A3956D46DE8}") = "Lesson_14", "Lesson_14", "{13550A84-0CDD-46B4-B573-53FA4FD9DA20}"
EndProject
Project("{FAE04EC0-301F-11D3-BF4B-00C04F79EFBC}") = "Task_14_03", "Task_14_03\Task_14_03.csproj", "{0ABD6A2E-EABC-4738-BCE7-1B9D51F71776}"
EndProject
Project("{FAE04EC0-301F-11D3-BF4B-00C04F79EFBC}") = "Task_14_04", "Task_14_04\Task_14_04.csproj", "{5ACD5354-3D36-40E9-996A-BC068A3BD208}"
EndProject
Project("{2150E333-8FDC-42A3-9474-1A3956D46DE8}") = "Lesson_16", "Lesson_16", "{8C5C7013-ACA2-4E24-A000-FFBFF8329668}"
EndProject
Project("{FAE04EC0-301F-11D3-BF4B-00C04F79EFBC}") = "Task_20_03", "Task_20_03\Task_20_03.csproj", "{50FD88D4-595A-4E7B-BB6D-D40FCABAED6E}"
EndProject
Project("{FAE04EC0-301F-11D3-BF4B-00C04F79EFBC}") = "Task_20_04", "Task_20_04\Task_20_04.csproj", "{A50C1FF5-3C40-47E0-BD2F-7261D979ADEA}"
EndProject
Project("{FAE04EC0-301F-11D3-BF4B-00C04F79EFBC}") = "Task_20_05", "Task_20_05\Task_20_05.csproj", "{1C8ACDB4-4D74-4A0A-9EDD-98ED467F6EDC}"
EndProject
Project("{FAE04EC0-301F-11D3-BF4B-00C04F79EFBC}") = "Task_20_06", "Task_20_06\Task_20_06.csproj", "{07A75A1F-B771-4144-94D1-4AA4F4FD0D48}"
EndProject
Project("{2150E333-8FDC-42A3-9474-1A3956D46DE8}") = "Lesson_17", "Lesson_17", "{D9F75E47-72B6-4A8D-BBC4-AA8477DA0952}"
EndProject
Project("{FAE04EC0-301F-11D3-BF4B-00C04F79EFBC}") = "Task_21_01", "Task_21_01\Task_21_01.csproj", "{5F97819E-A1CD-4EC8-9089-1876B1C7BF1B}"
EndProject
Project("{FAE04EC0-301F-11D3-BF4B-00C04F79EFBC}") = "Task_21_02", "Task_21_02\Task_21_02.csproj", "{5AF362F3-5A0C-43F4-B56B-FE8954EB8B0D}"
EndProject
Project("{2150E333-8FDC-42A3-9474-1A3956D46DE8}") = "Lesson_23", "Lesson_23", "{3D7B40B1-C819-40AB-9F9C-4D0B58A96060}"
EndProject
Project("{FAE04EC0-301F-11D3-BF4B-00C04F79EFBC}") = "Task_23_06", "Task_23_06\Task_23_06.csproj", "{61E70AE3-0CA9-4024-BB5E-F179D2B902FD}"
EndProject
Project("{2150E333-8FDC-42A3-9474-1A3956D46DE8}") = "Lesson_24", "Lesson_24", "{C4D28E3E-6647-4735-BF15-C38FBF031BD7}"
EndProject
Project("{FAE04EC0-301F-11D3-BF4B-00C04F79EFBC}") = "Task_24_06", "Task_24_06\Task_24_06.csproj", "{F93410D9-40C6-4ED4-824C-D8EA3E88CFC6}"
EndProject
Project("{FAE04EC0-301F-11D3-BF4B-00C04F79EFBC}") = "Task_24_07", "Task_24_07\Task_24_07.csproj", "{9F6C790E-AFB6-4FD5-9626-FAD0D5E235D4}"
EndProject
Global
	GlobalSection(SolutionConfigurationPlatforms) = preSolution
		Debug|Any CPU = Debug|Any CPU
		Release|Any CPU = Release|Any CPU
	EndGlobalSection
	GlobalSection(ProjectConfigurationPlatforms) = postSolution
		{965AB8B2-3AC9-436F-810E-6F5DC3056C2D}.Debug|Any CPU.ActiveCfg = Debug|Any CPU
		{965AB8B2-3AC9-436F-810E-6F5DC3056C2D}.Debug|Any CPU.Build.0 = Debug|Any CPU
		{965AB8B2-3AC9-436F-810E-6F5DC3056C2D}.Release|Any CPU.ActiveCfg = Release|Any CPU
		{965AB8B2-3AC9-436F-810E-6F5DC3056C2D}.Release|Any CPU.Build.0 = Release|Any CPU
		{59C58A0A-F11D-4E50-9FF9-1BBAA3DF5E0B}.Debug|Any CPU.ActiveCfg = Debug|Any CPU
		{59C58A0A-F11D-4E50-9FF9-1BBAA3DF5E0B}.Debug|Any CPU.Build.0 = Debug|Any CPU
		{59C58A0A-F11D-4E50-9FF9-1BBAA3DF5E0B}.Release|Any CPU.ActiveCfg = Release|Any CPU
		{59C58A0A-F11D-4E50-9FF9-1BBAA3DF5E0B}.Release|Any CPU.Build.0 = Release|Any CPU
		{462052F6-7C31-4C8F-9F4B-7B35D8A2D268}.Debug|Any CPU.ActiveCfg = Debug|Any CPU
		{462052F6-7C31-4C8F-9F4B-7B35D8A2D268}.Debug|Any CPU.Build.0 = Debug|Any CPU
		{462052F6-7C31-4C8F-9F4B-7B35D8A2D268}.Release|Any CPU.ActiveCfg = Release|Any CPU
		{462052F6-7C31-4C8F-9F4B-7B35D8A2D268}.Release|Any CPU.Build.0 = Release|Any CPU
		{AA3FA717-90AC-4AAF-864B-8BD13CAB0992}.Debug|Any CPU.ActiveCfg = Debug|Any CPU
		{AA3FA717-90AC-4AAF-864B-8BD13CAB0992}.Debug|Any CPU.Build.0 = Debug|Any CPU
		{AA3FA717-90AC-4AAF-864B-8BD13CAB0992}.Release|Any CPU.ActiveCfg = Release|Any CPU
		{AA3FA717-90AC-4AAF-864B-8BD13CAB0992}.Release|Any CPU.Build.0 = Release|Any CPU
		{21BB1F9E-7465-4ADC-9FBF-2BB03EBF499B}.Debug|Any CPU.ActiveCfg = Debug|Any CPU
		{21BB1F9E-7465-4ADC-9FBF-2BB03EBF499B}.Debug|Any CPU.Build.0 = Debug|Any CPU
		{21BB1F9E-7465-4ADC-9FBF-2BB03EBF499B}.Release|Any CPU.ActiveCfg = Release|Any CPU
		{21BB1F9E-7465-4ADC-9FBF-2BB03EBF499B}.Release|Any CPU.Build.0 = Release|Any CPU
		{5F094074-624F-45B8-AFF0-58A9F8DCD2B3}.Debug|Any CPU.ActiveCfg = Debug|Any CPU
		{5F094074-624F-45B8-AFF0-58A9F8DCD2B3}.Debug|Any CPU.Build.0 = Debug|Any CPU
		{5F094074-624F-45B8-AFF0-58A9F8DCD2B3}.Release|Any CPU.ActiveCfg = Release|Any CPU
		{5F094074-624F-45B8-AFF0-58A9F8DCD2B3}.Release|Any CPU.Build.0 = Release|Any CPU
		{E052CA02-8E34-4C0B-8418-108A9BED909F}.Debug|Any CPU.ActiveCfg = Debug|Any CPU
		{E052CA02-8E34-4C0B-8418-108A9BED909F}.Debug|Any CPU.Build.0 = Debug|Any CPU
		{E052CA02-8E34-4C0B-8418-108A9BED909F}.Release|Any CPU.ActiveCfg = Release|Any CPU
		{E052CA02-8E34-4C0B-8418-108A9BED909F}.Release|Any CPU.Build.0 = Release|Any CPU
		{4CB6FC93-1C4B-46A2-A59A-7DC7DD29A9E5}.Debug|Any CPU.ActiveCfg = Debug|Any CPU
		{4CB6FC93-1C4B-46A2-A59A-7DC7DD29A9E5}.Debug|Any CPU.Build.0 = Debug|Any CPU
		{4CB6FC93-1C4B-46A2-A59A-7DC7DD29A9E5}.Release|Any CPU.ActiveCfg = Release|Any CPU
		{4CB6FC93-1C4B-46A2-A59A-7DC7DD29A9E5}.Release|Any CPU.Build.0 = Release|Any CPU
		{6383F8D8-7E7B-4C1B-B52A-4F2FC22C0F08}.Debug|Any CPU.ActiveCfg = Debug|Any CPU
		{6383F8D8-7E7B-4C1B-B52A-4F2FC22C0F08}.Debug|Any CPU.Build.0 = Debug|Any CPU
		{6383F8D8-7E7B-4C1B-B52A-4F2FC22C0F08}.Release|Any CPU.ActiveCfg = Release|Any CPU
		{6383F8D8-7E7B-4C1B-B52A-4F2FC22C0F08}.Release|Any CPU.Build.0 = Release|Any CPU
		{B1D4B56F-C462-409B-BD7C-EF2B041F4DAE}.Debug|Any CPU.ActiveCfg = Debug|Any CPU
		{B1D4B56F-C462-409B-BD7C-EF2B041F4DAE}.Debug|Any CPU.Build.0 = Debug|Any CPU
		{B1D4B56F-C462-409B-BD7C-EF2B041F4DAE}.Release|Any CPU.ActiveCfg = Release|Any CPU
		{B1D4B56F-C462-409B-BD7C-EF2B041F4DAE}.Release|Any CPU.Build.0 = Release|Any CPU
		{07421A50-BE99-47B2-8E3D-4803E5B279D1}.Debug|Any CPU.ActiveCfg = Debug|Any CPU
		{07421A50-BE99-47B2-8E3D-4803E5B279D1}.Debug|Any CPU.Build.0 = Debug|Any CPU
		{07421A50-BE99-47B2-8E3D-4803E5B279D1}.Release|Any CPU.ActiveCfg = Release|Any CPU
		{07421A50-BE99-47B2-8E3D-4803E5B279D1}.Release|Any CPU.Build.0 = Release|Any CPU
		{B0648B1F-8288-4588-AC17-A760B6A86CE6}.Debug|Any CPU.ActiveCfg = Debug|Any CPU
		{B0648B1F-8288-4588-AC17-A760B6A86CE6}.Debug|Any CPU.Build.0 = Debug|Any CPU
		{B0648B1F-8288-4588-AC17-A760B6A86CE6}.Release|Any CPU.ActiveCfg = Release|Any CPU
		{B0648B1F-8288-4588-AC17-A760B6A86CE6}.Release|Any CPU.Build.0 = Release|Any CPU
		{D6DA8B3A-0DF6-4F3C-8542-85222694CFC4}.Debug|Any CPU.ActiveCfg = Debug|Any CPU
		{D6DA8B3A-0DF6-4F3C-8542-85222694CFC4}.Debug|Any CPU.Build.0 = Debug|Any CPU
		{D6DA8B3A-0DF6-4F3C-8542-85222694CFC4}.Release|Any CPU.ActiveCfg = Release|Any CPU
		{D6DA8B3A-0DF6-4F3C-8542-85222694CFC4}.Release|Any CPU.Build.0 = Release|Any CPU
		{26F26B91-7048-4370-B175-5D78B5759626}.Debug|Any CPU.ActiveCfg = Debug|Any CPU
		{26F26B91-7048-4370-B175-5D78B5759626}.Debug|Any CPU.Build.0 = Debug|Any CPU
		{26F26B91-7048-4370-B175-5D78B5759626}.Release|Any CPU.ActiveCfg = Release|Any CPU
		{26F26B91-7048-4370-B175-5D78B5759626}.Release|Any CPU.Build.0 = Release|Any CPU
		{9E8570BF-0187-41DA-855D-7CEBEE26321D}.Debug|Any CPU.ActiveCfg = Debug|Any CPU
		{9E8570BF-0187-41DA-855D-7CEBEE26321D}.Debug|Any CPU.Build.0 = Debug|Any CPU
		{9E8570BF-0187-41DA-855D-7CEBEE26321D}.Release|Any CPU.ActiveCfg = Release|Any CPU
		{9E8570BF-0187-41DA-855D-7CEBEE26321D}.Release|Any CPU.Build.0 = Release|Any CPU
		{8838229D-76B7-40D2-863F-712D2613769A}.Debug|Any CPU.ActiveCfg = Debug|Any CPU
		{8838229D-76B7-40D2-863F-712D2613769A}.Debug|Any CPU.Build.0 = Debug|Any CPU
		{8838229D-76B7-40D2-863F-712D2613769A}.Release|Any CPU.ActiveCfg = Release|Any CPU
		{8838229D-76B7-40D2-863F-712D2613769A}.Release|Any CPU.Build.0 = Release|Any CPU
		{F82B7208-4073-4E8A-AAE6-D83432A505A3}.Debug|Any CPU.ActiveCfg = Debug|Any CPU
		{F82B7208-4073-4E8A-AAE6-D83432A505A3}.Debug|Any CPU.Build.0 = Debug|Any CPU
		{F82B7208-4073-4E8A-AAE6-D83432A505A3}.Release|Any CPU.ActiveCfg = Release|Any CPU
		{F82B7208-4073-4E8A-AAE6-D83432A505A3}.Release|Any CPU.Build.0 = Release|Any CPU
		{F3E5BBA6-C385-4C36-81DC-93833294F90B}.Debug|Any CPU.ActiveCfg = Debug|Any CPU
		{F3E5BBA6-C385-4C36-81DC-93833294F90B}.Debug|Any CPU.Build.0 = Debug|Any CPU
		{F3E5BBA6-C385-4C36-81DC-93833294F90B}.Release|Any CPU.ActiveCfg = Release|Any CPU
		{F3E5BBA6-C385-4C36-81DC-93833294F90B}.Release|Any CPU.Build.0 = Release|Any CPU
		{E95EEE48-EB72-4B95-8116-802595662C0A}.Debug|Any CPU.ActiveCfg = Debug|Any CPU
		{E95EEE48-EB72-4B95-8116-802595662C0A}.Debug|Any CPU.Build.0 = Debug|Any CPU
		{E95EEE48-EB72-4B95-8116-802595662C0A}.Release|Any CPU.ActiveCfg = Release|Any CPU
		{E95EEE48-EB72-4B95-8116-802595662C0A}.Release|Any CPU.Build.0 = Release|Any CPU
		{74C2FF8B-1DF5-4555-9344-5BF6F7F34031}.Debug|Any CPU.ActiveCfg = Debug|Any CPU
		{74C2FF8B-1DF5-4555-9344-5BF6F7F34031}.Debug|Any CPU.Build.0 = Debug|Any CPU
		{74C2FF8B-1DF5-4555-9344-5BF6F7F34031}.Release|Any CPU.ActiveCfg = Release|Any CPU
		{74C2FF8B-1DF5-4555-9344-5BF6F7F34031}.Release|Any CPU.Build.0 = Release|Any CPU
		{4785CCF7-7944-440F-AF4C-6CFBE516F4CE}.Debug|Any CPU.ActiveCfg = Debug|Any CPU
		{4785CCF7-7944-440F-AF4C-6CFBE516F4CE}.Debug|Any CPU.Build.0 = Debug|Any CPU
		{4785CCF7-7944-440F-AF4C-6CFBE516F4CE}.Release|Any CPU.ActiveCfg = Release|Any CPU
		{4785CCF7-7944-440F-AF4C-6CFBE516F4CE}.Release|Any CPU.Build.0 = Release|Any CPU
		{E7A6B12F-A21D-4356-A371-9EB1DF9B413D}.Debug|Any CPU.ActiveCfg = Debug|Any CPU
		{E7A6B12F-A21D-4356-A371-9EB1DF9B413D}.Debug|Any CPU.Build.0 = Debug|Any CPU
		{E7A6B12F-A21D-4356-A371-9EB1DF9B413D}.Release|Any CPU.ActiveCfg = Release|Any CPU
		{E7A6B12F-A21D-4356-A371-9EB1DF9B413D}.Release|Any CPU.Build.0 = Release|Any CPU
		{F75F32AD-493E-424A-90CF-8C49ABDEC70F}.Debug|Any CPU.ActiveCfg = Debug|Any CPU
		{F75F32AD-493E-424A-90CF-8C49ABDEC70F}.Debug|Any CPU.Build.0 = Debug|Any CPU
		{F75F32AD-493E-424A-90CF-8C49ABDEC70F}.Release|Any CPU.ActiveCfg = Release|Any CPU
		{F75F32AD-493E-424A-90CF-8C49ABDEC70F}.Release|Any CPU.Build.0 = Release|Any CPU
		{6AD6E5E9-BA7D-4617-8617-5E19D4AA8BE8}.Debug|Any CPU.ActiveCfg = Debug|Any CPU
		{6AD6E5E9-BA7D-4617-8617-5E19D4AA8BE8}.Debug|Any CPU.Build.0 = Debug|Any CPU
		{6AD6E5E9-BA7D-4617-8617-5E19D4AA8BE8}.Release|Any CPU.ActiveCfg = Release|Any CPU
		{6AD6E5E9-BA7D-4617-8617-5E19D4AA8BE8}.Release|Any CPU.Build.0 = Release|Any CPU
		{DAB417D4-1B41-4FAB-88DB-A9227A84DF7B}.Debug|Any CPU.ActiveCfg = Debug|Any CPU
		{DAB417D4-1B41-4FAB-88DB-A9227A84DF7B}.Debug|Any CPU.Build.0 = Debug|Any CPU
		{DAB417D4-1B41-4FAB-88DB-A9227A84DF7B}.Release|Any CPU.ActiveCfg = Release|Any CPU
		{DAB417D4-1B41-4FAB-88DB-A9227A84DF7B}.Release|Any CPU.Build.0 = Release|Any CPU
		{F5225B77-3076-4D49-9211-253794091A37}.Debug|Any CPU.ActiveCfg = Debug|Any CPU
		{F5225B77-3076-4D49-9211-253794091A37}.Debug|Any CPU.Build.0 = Debug|Any CPU
		{F5225B77-3076-4D49-9211-253794091A37}.Release|Any CPU.ActiveCfg = Release|Any CPU
		{F5225B77-3076-4D49-9211-253794091A37}.Release|Any CPU.Build.0 = Release|Any CPU
		{404EED0E-7AF2-4405-9BC7-41BBEA241D17}.Debug|Any CPU.ActiveCfg = Debug|Any CPU
		{404EED0E-7AF2-4405-9BC7-41BBEA241D17}.Debug|Any CPU.Build.0 = Debug|Any CPU
		{404EED0E-7AF2-4405-9BC7-41BBEA241D17}.Release|Any CPU.ActiveCfg = Release|Any CPU
		{404EED0E-7AF2-4405-9BC7-41BBEA241D17}.Release|Any CPU.Build.0 = Release|Any CPU
		{9D58792B-839C-413B-A0AD-72ABBAC4C7AB}.Debug|Any CPU.ActiveCfg = Debug|Any CPU
		{9D58792B-839C-413B-A0AD-72ABBAC4C7AB}.Debug|Any CPU.Build.0 = Debug|Any CPU
		{9D58792B-839C-413B-A0AD-72ABBAC4C7AB}.Release|Any CPU.ActiveCfg = Release|Any CPU
		{9D58792B-839C-413B-A0AD-72ABBAC4C7AB}.Release|Any CPU.Build.0 = Release|Any CPU
		{454E2627-62B9-4DEC-890F-E6B0577153B3}.Debug|Any CPU.ActiveCfg = Debug|Any CPU
		{454E2627-62B9-4DEC-890F-E6B0577153B3}.Debug|Any CPU.Build.0 = Debug|Any CPU
		{454E2627-62B9-4DEC-890F-E6B0577153B3}.Release|Any CPU.ActiveCfg = Release|Any CPU
		{454E2627-62B9-4DEC-890F-E6B0577153B3}.Release|Any CPU.Build.0 = Release|Any CPU
		{A457F99F-296E-4A9D-AB53-683D82021ACA}.Debug|Any CPU.ActiveCfg = Debug|Any CPU
		{A457F99F-296E-4A9D-AB53-683D82021ACA}.Debug|Any CPU.Build.0 = Debug|Any CPU
		{A457F99F-296E-4A9D-AB53-683D82021ACA}.Release|Any CPU.ActiveCfg = Release|Any CPU
		{A457F99F-296E-4A9D-AB53-683D82021ACA}.Release|Any CPU.Build.0 = Release|Any CPU
		{5D64AB72-5F48-44AC-8810-9977D41673F0}.Debug|Any CPU.ActiveCfg = Debug|Any CPU
		{5D64AB72-5F48-44AC-8810-9977D41673F0}.Debug|Any CPU.Build.0 = Debug|Any CPU
		{5D64AB72-5F48-44AC-8810-9977D41673F0}.Release|Any CPU.ActiveCfg = Release|Any CPU
		{5D64AB72-5F48-44AC-8810-9977D41673F0}.Release|Any CPU.Build.0 = Release|Any CPU
		{A455D677-5C1D-4028-8C03-DA425567002C}.Debug|Any CPU.ActiveCfg = Debug|Any CPU
		{A455D677-5C1D-4028-8C03-DA425567002C}.Debug|Any CPU.Build.0 = Debug|Any CPU
		{A455D677-5C1D-4028-8C03-DA425567002C}.Release|Any CPU.ActiveCfg = Release|Any CPU
		{A455D677-5C1D-4028-8C03-DA425567002C}.Release|Any CPU.Build.0 = Release|Any CPU
		{4BB2347C-EB5C-4A0B-A665-2716F7C64357}.Debug|Any CPU.ActiveCfg = Debug|Any CPU
		{4BB2347C-EB5C-4A0B-A665-2716F7C64357}.Debug|Any CPU.Build.0 = Debug|Any CPU
		{4BB2347C-EB5C-4A0B-A665-2716F7C64357}.Release|Any CPU.ActiveCfg = Release|Any CPU
		{4BB2347C-EB5C-4A0B-A665-2716F7C64357}.Release|Any CPU.Build.0 = Release|Any CPU
		{F6C96FC3-0CCA-443E-BF0A-D7FAD7A69432}.Debug|Any CPU.ActiveCfg = Debug|Any CPU
		{F6C96FC3-0CCA-443E-BF0A-D7FAD7A69432}.Debug|Any CPU.Build.0 = Debug|Any CPU
		{F6C96FC3-0CCA-443E-BF0A-D7FAD7A69432}.Release|Any CPU.ActiveCfg = Release|Any CPU
		{F6C96FC3-0CCA-443E-BF0A-D7FAD7A69432}.Release|Any CPU.Build.0 = Release|Any CPU
		{BB325397-604B-4098-A4C8-0006026B6D83}.Debug|Any CPU.ActiveCfg = Debug|Any CPU
		{BB325397-604B-4098-A4C8-0006026B6D83}.Debug|Any CPU.Build.0 = Debug|Any CPU
		{BB325397-604B-4098-A4C8-0006026B6D83}.Release|Any CPU.ActiveCfg = Release|Any CPU
		{BB325397-604B-4098-A4C8-0006026B6D83}.Release|Any CPU.Build.0 = Release|Any CPU
		{76224837-D528-443E-962F-0EC020EF39A3}.Debug|Any CPU.ActiveCfg = Debug|Any CPU
		{76224837-D528-443E-962F-0EC020EF39A3}.Debug|Any CPU.Build.0 = Debug|Any CPU
		{76224837-D528-443E-962F-0EC020EF39A3}.Release|Any CPU.ActiveCfg = Release|Any CPU
		{76224837-D528-443E-962F-0EC020EF39A3}.Release|Any CPU.Build.0 = Release|Any CPU
		{0ABD6A2E-EABC-4738-BCE7-1B9D51F71776}.Debug|Any CPU.ActiveCfg = Debug|Any CPU
		{0ABD6A2E-EABC-4738-BCE7-1B9D51F71776}.Debug|Any CPU.Build.0 = Debug|Any CPU
		{0ABD6A2E-EABC-4738-BCE7-1B9D51F71776}.Release|Any CPU.ActiveCfg = Release|Any CPU
		{0ABD6A2E-EABC-4738-BCE7-1B9D51F71776}.Release|Any CPU.Build.0 = Release|Any CPU
		{5ACD5354-3D36-40E9-996A-BC068A3BD208}.Debug|Any CPU.ActiveCfg = Debug|Any CPU
		{5ACD5354-3D36-40E9-996A-BC068A3BD208}.Debug|Any CPU.Build.0 = Debug|Any CPU
		{5ACD5354-3D36-40E9-996A-BC068A3BD208}.Release|Any CPU.ActiveCfg = Release|Any CPU
		{5ACD5354-3D36-40E9-996A-BC068A3BD208}.Release|Any CPU.Build.0 = Release|Any CPU
		{50FD88D4-595A-4E7B-BB6D-D40FCABAED6E}.Debug|Any CPU.ActiveCfg = Debug|Any CPU
		{50FD88D4-595A-4E7B-BB6D-D40FCABAED6E}.Debug|Any CPU.Build.0 = Debug|Any CPU
		{50FD88D4-595A-4E7B-BB6D-D40FCABAED6E}.Release|Any CPU.ActiveCfg = Release|Any CPU
		{50FD88D4-595A-4E7B-BB6D-D40FCABAED6E}.Release|Any CPU.Build.0 = Release|Any CPU
		{A50C1FF5-3C40-47E0-BD2F-7261D979ADEA}.Debug|Any CPU.ActiveCfg = Debug|Any CPU
		{A50C1FF5-3C40-47E0-BD2F-7261D979ADEA}.Debug|Any CPU.Build.0 = Debug|Any CPU
		{A50C1FF5-3C40-47E0-BD2F-7261D979ADEA}.Release|Any CPU.ActiveCfg = Release|Any CPU
		{A50C1FF5-3C40-47E0-BD2F-7261D979ADEA}.Release|Any CPU.Build.0 = Release|Any CPU
		{1C8ACDB4-4D74-4A0A-9EDD-98ED467F6EDC}.Debug|Any CPU.ActiveCfg = Debug|Any CPU
		{1C8ACDB4-4D74-4A0A-9EDD-98ED467F6EDC}.Debug|Any CPU.Build.0 = Debug|Any CPU
		{1C8ACDB4-4D74-4A0A-9EDD-98ED467F6EDC}.Release|Any CPU.ActiveCfg = Release|Any CPU
		{1C8ACDB4-4D74-4A0A-9EDD-98ED467F6EDC}.Release|Any CPU.Build.0 = Release|Any CPU
		{07A75A1F-B771-4144-94D1-4AA4F4FD0D48}.Debug|Any CPU.ActiveCfg = Debug|Any CPU
		{07A75A1F-B771-4144-94D1-4AA4F4FD0D48}.Debug|Any CPU.Build.0 = Debug|Any CPU
		{07A75A1F-B771-4144-94D1-4AA4F4FD0D48}.Release|Any CPU.ActiveCfg = Release|Any CPU
		{07A75A1F-B771-4144-94D1-4AA4F4FD0D48}.Release|Any CPU.Build.0 = Release|Any CPU
		{5F97819E-A1CD-4EC8-9089-1876B1C7BF1B}.Debug|Any CPU.ActiveCfg = Debug|Any CPU
		{5F97819E-A1CD-4EC8-9089-1876B1C7BF1B}.Debug|Any CPU.Build.0 = Debug|Any CPU
		{5F97819E-A1CD-4EC8-9089-1876B1C7BF1B}.Release|Any CPU.ActiveCfg = Release|Any CPU
		{5F97819E-A1CD-4EC8-9089-1876B1C7BF1B}.Release|Any CPU.Build.0 = Release|Any CPU
		{5AF362F3-5A0C-43F4-B56B-FE8954EB8B0D}.Debug|Any CPU.ActiveCfg = Debug|Any CPU
		{5AF362F3-5A0C-43F4-B56B-FE8954EB8B0D}.Debug|Any CPU.Build.0 = Debug|Any CPU
		{5AF362F3-5A0C-43F4-B56B-FE8954EB8B0D}.Release|Any CPU.ActiveCfg = Release|Any CPU
		{5AF362F3-5A0C-43F4-B56B-FE8954EB8B0D}.Release|Any CPU.Build.0 = Release|Any CPU
		{61E70AE3-0CA9-4024-BB5E-F179D2B902FD}.Debug|Any CPU.ActiveCfg = Debug|Any CPU
		{61E70AE3-0CA9-4024-BB5E-F179D2B902FD}.Debug|Any CPU.Build.0 = Debug|Any CPU
		{61E70AE3-0CA9-4024-BB5E-F179D2B902FD}.Release|Any CPU.ActiveCfg = Release|Any CPU
		{61E70AE3-0CA9-4024-BB5E-F179D2B902FD}.Release|Any CPU.Build.0 = Release|Any CPU
		{F93410D9-40C6-4ED4-824C-D8EA3E88CFC6}.Debug|Any CPU.ActiveCfg = Debug|Any CPU
		{F93410D9-40C6-4ED4-824C-D8EA3E88CFC6}.Debug|Any CPU.Build.0 = Debug|Any CPU
		{F93410D9-40C6-4ED4-824C-D8EA3E88CFC6}.Release|Any CPU.ActiveCfg = Release|Any CPU
		{F93410D9-40C6-4ED4-824C-D8EA3E88CFC6}.Release|Any CPU.Build.0 = Release|Any CPU
		{9F6C790E-AFB6-4FD5-9626-FAD0D5E235D4}.Debug|Any CPU.ActiveCfg = Debug|Any CPU
		{9F6C790E-AFB6-4FD5-9626-FAD0D5E235D4}.Debug|Any CPU.Build.0 = Debug|Any CPU
		{9F6C790E-AFB6-4FD5-9626-FAD0D5E235D4}.Release|Any CPU.ActiveCfg = Release|Any CPU
		{9F6C790E-AFB6-4FD5-9626-FAD0D5E235D4}.Release|Any CPU.Build.0 = Release|Any CPU
	EndGlobalSection
	GlobalSection(SolutionProperties) = preSolution
		HideSolutionNode = FALSE
	EndGlobalSection
	GlobalSection(NestedProjects) = preSolution
		{A981F9E8-D779-4345-BCD3-E91C763D08E7} = {6CED700D-F9BE-46C0-A240-AED78019C3F7}
		{59C58A0A-F11D-4E50-9FF9-1BBAA3DF5E0B} = {A981F9E8-D779-4345-BCD3-E91C763D08E7}
		{462052F6-7C31-4C8F-9F4B-7B35D8A2D268} = {A981F9E8-D779-4345-BCD3-E91C763D08E7}
		{AA3FA717-90AC-4AAF-864B-8BD13CAB0992} = {6CED700D-F9BE-46C0-A240-AED78019C3F7}
		{21BB1F9E-7465-4ADC-9FBF-2BB03EBF499B} = {6CED700D-F9BE-46C0-A240-AED78019C3F7}
		{5F094074-624F-45B8-AFF0-58A9F8DCD2B3} = {6CED700D-F9BE-46C0-A240-AED78019C3F7}
		{E052CA02-8E34-4C0B-8418-108A9BED909F} = {6CED700D-F9BE-46C0-A240-AED78019C3F7}
		{4CB6FC93-1C4B-46A2-A59A-7DC7DD29A9E5} = {6CED700D-F9BE-46C0-A240-AED78019C3F7}
		{6383F8D8-7E7B-4C1B-B52A-4F2FC22C0F08} = {6CED700D-F9BE-46C0-A240-AED78019C3F7}
		{B1D4B56F-C462-409B-BD7C-EF2B041F4DAE} = {A4881D77-8266-4DF7-B567-99C94F4CFC3A}
		{07421A50-BE99-47B2-8E3D-4803E5B279D1} = {A4881D77-8266-4DF7-B567-99C94F4CFC3A}
		{B0648B1F-8288-4588-AC17-A760B6A86CE6} = {A4881D77-8266-4DF7-B567-99C94F4CFC3A}
		{D6DA8B3A-0DF6-4F3C-8542-85222694CFC4} = {A4881D77-8266-4DF7-B567-99C94F4CFC3A}
		{26F26B91-7048-4370-B175-5D78B5759626} = {A4881D77-8266-4DF7-B567-99C94F4CFC3A}
		{9E8570BF-0187-41DA-855D-7CEBEE26321D} = {A4881D77-8266-4DF7-B567-99C94F4CFC3A}
		{8838229D-76B7-40D2-863F-712D2613769A} = {5F05BAF9-C26E-47AE-8A4E-957DC73697C1}
		{F82B7208-4073-4E8A-AAE6-D83432A505A3} = {5F05BAF9-C26E-47AE-8A4E-957DC73697C1}
		{F3E5BBA6-C385-4C36-81DC-93833294F90B} = {5F05BAF9-C26E-47AE-8A4E-957DC73697C1}
		{E95EEE48-EB72-4B95-8116-802595662C0A} = {5F05BAF9-C26E-47AE-8A4E-957DC73697C1}
		{74C2FF8B-1DF5-4555-9344-5BF6F7F34031} = {5F05BAF9-C26E-47AE-8A4E-957DC73697C1}
		{4785CCF7-7944-440F-AF4C-6CFBE516F4CE} = {5F05BAF9-C26E-47AE-8A4E-957DC73697C1}
		{E7A6B12F-A21D-4356-A371-9EB1DF9B413D} = {5F05BAF9-C26E-47AE-8A4E-957DC73697C1}
		{F75F32AD-493E-424A-90CF-8C49ABDEC70F} = {D4B05074-1A8C-4485-87CC-BF13DA4F1306}
		{6AD6E5E9-BA7D-4617-8617-5E19D4AA8BE8} = {D4B05074-1A8C-4485-87CC-BF13DA4F1306}
		{DAB417D4-1B41-4FAB-88DB-A9227A84DF7B} = {D4B05074-1A8C-4485-87CC-BF13DA4F1306}
		{F5225B77-3076-4D49-9211-253794091A37} = {8C713DFB-493A-4BCC-87A4-C0BAAD9D5C0F}
		{404EED0E-7AF2-4405-9BC7-41BBEA241D17} = {8C713DFB-493A-4BCC-87A4-C0BAAD9D5C0F}
		{9D58792B-839C-413B-A0AD-72ABBAC4C7AB} = {8C713DFB-493A-4BCC-87A4-C0BAAD9D5C0F}
		{454E2627-62B9-4DEC-890F-E6B0577153B3} = {8C713DFB-493A-4BCC-87A4-C0BAAD9D5C0F}
		{A457F99F-296E-4A9D-AB53-683D82021ACA} = {8C713DFB-493A-4BCC-87A4-C0BAAD9D5C0F}
		{5D64AB72-5F48-44AC-8810-9977D41673F0} = {8C713DFB-493A-4BCC-87A4-C0BAAD9D5C0F}
		{A455D677-5C1D-4028-8C03-DA425567002C} = {8C713DFB-493A-4BCC-87A4-C0BAAD9D5C0F}
		{4BB2347C-EB5C-4A0B-A665-2716F7C64357} = {8C713DFB-493A-4BCC-87A4-C0BAAD9D5C0F}
		{F6C96FC3-0CCA-443E-BF0A-D7FAD7A69432} = {8C713DFB-493A-4BCC-87A4-C0BAAD9D5C0F}
		{BB325397-604B-4098-A4C8-0006026B6D83} = {BC8B09AC-54EC-4BAB-B56A-97C4B142F278}
		{76224837-D528-443E-962F-0EC020EF39A3} = {BC8B09AC-54EC-4BAB-B56A-97C4B142F278}
		{0ABD6A2E-EABC-4738-BCE7-1B9D51F71776} = {13550A84-0CDD-46B4-B573-53FA4FD9DA20}
		{5ACD5354-3D36-40E9-996A-BC068A3BD208} = {13550A84-0CDD-46B4-B573-53FA4FD9DA20}
		{50FD88D4-595A-4E7B-BB6D-D40FCABAED6E} = {8C5C7013-ACA2-4E24-A000-FFBFF8329668}
		{A50C1FF5-3C40-47E0-BD2F-7261D979ADEA} = {8C5C7013-ACA2-4E24-A000-FFBFF8329668}
		{1C8ACDB4-4D74-4A0A-9EDD-98ED467F6EDC} = {8C5C7013-ACA2-4E24-A000-FFBFF8329668}
		{07A75A1F-B771-4144-94D1-4AA4F4FD0D48} = {8C5C7013-ACA2-4E24-A000-FFBFF8329668}
		{5F97819E-A1CD-4EC8-9089-1876B1C7BF1B} = {D9F75E47-72B6-4A8D-BBC4-AA8477DA0952}
		{5AF362F3-5A0C-43F4-B56B-FE8954EB8B0D} = {D9F75E47-72B6-4A8D-BBC4-AA8477DA0952}
		{61E70AE3-0CA9-4024-BB5E-F179D2B902FD} = {3D7B40B1-C819-40AB-9F9C-4D0B58A96060}
		{F93410D9-40C6-4ED4-824C-D8EA3E88CFC6} = {C4D28E3E-6647-4735-BF15-C38FBF031BD7}
		{9F6C790E-AFB6-4FD5-9626-FAD0D5E235D4} = {C4D28E3E-6647-4735-BF15-C38FBF031BD7}
	EndGlobalSection
EndGlobal
